
Microsoft Visual Studio Solution File, Format Version 12.00
# Visual Studio Version 16
VisualStudioVersion = 16.0.29613.14
MinimumVisualStudioVersion = 10.0.40219.1
Project("{9A19103F-16F7-4668-BE54-9A1E7A4F7556}") = "DailyTransactionDigestEmail.AzureFunction", "DailyTransactionDigestEmail.AzureFunction\DailyTransactionDigestEmail.AzureFunction.csproj", "{F2D9A23E-13DE-4B6D-ABCA-D0FF4B7504AF}"
EndProject
Project("{9A19103F-16F7-4668-BE54-9A1E7A4F7556}") = "PlaidApi.Tests", "PlaidApi.Tests\PlaidApi.Tests.csproj", "{88E0F542-9EED-47C9-BB1A-618F3FC71880}"
EndProject
Project("{9A19103F-16F7-4668-BE54-9A1E7A4F7556}") = "PlaidApi", "PlaindApi\PlaidApi.csproj", "{80BF9FEC-2A58-47EF-80FC-66195D550561}"
EndProject
Global
	GlobalSection(SolutionConfigurationPlatforms) = preSolution
		Debug|Any CPU = Debug|Any CPU
		Release|Any CPU = Release|Any CPU
	EndGlobalSection
	GlobalSection(ProjectConfigurationPlatforms) = postSolution
		{F2D9A23E-13DE-4B6D-ABCA-D0FF4B7504AF}.Debug|Any CPU.ActiveCfg = Debug|Any CPU
		{F2D9A23E-13DE-4B6D-ABCA-D0FF4B7504AF}.Debug|Any CPU.Build.0 = Debug|Any CPU
		{F2D9A23E-13DE-4B6D-ABCA-D0FF4B7504AF}.Release|Any CPU.ActiveCfg = Release|Any CPU
		{F2D9A23E-13DE-4B6D-ABCA-D0FF4B7504AF}.Release|Any CPU.Build.0 = Release|Any CPU
		{88E0F542-9EED-47C9-BB1A-618F3FC71880}.Debug|Any CPU.ActiveCfg = Debug|Any CPU
		{88E0F542-9EED-47C9-BB1A-618F3FC71880}.Debug|Any CPU.Build.0 = Debug|Any CPU
		{88E0F542-9EED-47C9-BB1A-618F3FC71880}.Release|Any CPU.ActiveCfg = Release|Any CPU
		{88E0F542-9EED-47C9-BB1A-618F3FC71880}.Release|Any CPU.Build.0 = Release|Any CPU
		{80BF9FEC-2A58-47EF-80FC-66195D550561}.Debug|Any CPU.ActiveCfg = Debug|Any CPU
		{80BF9FEC-2A58-47EF-80FC-66195D550561}.Debug|Any CPU.Build.0 = Debug|Any CPU
		{80BF9FEC-2A58-47EF-80FC-66195D550561}.Release|Any CPU.ActiveCfg = Release|Any CPU
		{80BF9FEC-2A58-47EF-80FC-66195D550561}.Release|Any CPU.Build.0 = Release|Any CPU
	EndGlobalSection
	GlobalSection(SolutionProperties) = preSolution
		HideSolutionNode = FALSE
	EndGlobalSection
	GlobalSection(ExtensibilityGlobals) = postSolution
		SolutionGuid = {4962786B-0592-444F-B596-124BCB11DAA8}
	EndGlobalSection
EndGlobal
